// !$*UTF8*$!
{
	archiveVersion = 1;
	classes = {
	};
	objectVersion = 55;
	objects = {

/* Begin PBXBuildFile section */
		1E42A9242836A66900D7553F /* AppDelegate.swift in Sources */ = {isa = PBXBuildFile; fileRef = 1E42A9232836A66900D7553F /* AppDelegate.swift */; };
		1E42A9262836A66900D7553F /* SceneDelegate.swift in Sources */ = {isa = PBXBuildFile; fileRef = 1E42A9252836A66900D7553F /* SceneDelegate.swift */; };
		1E42A92D2836A66900D7553F /* Assets.xcassets in Resources */ = {isa = PBXBuildFile; fileRef = 1E42A92C2836A66900D7553F /* Assets.xcassets */; };
		1E42A9302836A66900D7553F /* LaunchScreen.storyboard in Resources */ = {isa = PBXBuildFile; fileRef = 1E42A92E2836A66900D7553F /* LaunchScreen.storyboard */; };
		1E42A93D2836A7E500D7553F /* MainTabBarVC.swift in Sources */ = {isa = PBXBuildFile; fileRef = 1E42A93C2836A7E500D7553F /* MainTabBarVC.swift */; };
		1E42A93F2836A80600D7553F /* MainTabBarBuilder.swift in Sources */ = {isa = PBXBuildFile; fileRef = 1E42A93E2836A80600D7553F /* MainTabBarBuilder.swift */; };
		1E42A9412836A87B00D7553F /* SearchVC.swift in Sources */ = {isa = PBXBuildFile; fileRef = 1E42A9402836A87B00D7553F /* SearchVC.swift */; };
		1E42A9442836A89500D7553F /* CYBase in Frameworks */ = {isa = PBXBuildFile; productRef = 1E42A9432836A89500D7553F /* CYBase */; };
		1E42A9462836A8C000D7553F /* SearchVM.swift in Sources */ = {isa = PBXBuildFile; fileRef = 1E42A9452836A8C000D7553F /* SearchVM.swift */; };
		1E42A9482836A8FD00D7553F /* SearchViewBuilder.swift in Sources */ = {isa = PBXBuildFile; fileRef = 1E42A9472836A8FD00D7553F /* SearchViewBuilder.swift */; };
		1E42A94A2836A96600D7553F /* DetailVC.swift in Sources */ = {isa = PBXBuildFile; fileRef = 1E42A9492836A96600D7553F /* DetailVC.swift */; };
		1E42A94C2836A97700D7553F /* DetailVM.swift in Sources */ = {isa = PBXBuildFile; fileRef = 1E42A94B2836A97700D7553F /* DetailVM.swift */; };
		1E42A94E2836A98B00D7553F /* DetailViewBuilder.swift in Sources */ = {isa = PBXBuildFile; fileRef = 1E42A94D2836A98B00D7553F /* DetailViewBuilder.swift */; };
		1E42A9512836AA7100D7553F /* FavoritesVC.swift in Sources */ = {isa = PBXBuildFile; fileRef = 1E42A9502836AA7000D7553F /* FavoritesVC.swift */; };
		1E42A9532836AA8300D7553F /* FavoritesVM.swift in Sources */ = {isa = PBXBuildFile; fileRef = 1E42A9522836AA8300D7553F /* FavoritesVM.swift */; };
		1E42A9552836AA9000D7553F /* FavoritesViewBuilder.swift in Sources */ = {isa = PBXBuildFile; fileRef = 1E42A9542836AA9000D7553F /* FavoritesViewBuilder.swift */; };
		1E42A9592836AE2100D7553F /* ViewState.swift in Sources */ = {isa = PBXBuildFile; fileRef = 1E42A9582836AE2100D7553F /* ViewState.swift */; };
		1E42A95B2836B04D00D7553F /* TabBarImages.swift in Sources */ = {isa = PBXBuildFile; fileRef = 1E42A95A2836B04D00D7553F /* TabBarImages.swift */; };
		1E42A95D2836B06600D7553F /* AppTheme.swift in Sources */ = {isa = PBXBuildFile; fileRef = 1E42A95C2836B06600D7553F /* AppTheme.swift */; };
		1E42A95F2836B08F00D7553F /* TypeAliases.swift in Sources */ = {isa = PBXBuildFile; fileRef = 1E42A95E2836B08F00D7553F /* TypeAliases.swift */; };
		1E42A9662836B33900D7553F /* ListCollectionViewCellData.swift in Sources */ = {isa = PBXBuildFile; fileRef = 1E42A9652836B33900D7553F /* ListCollectionViewCellData.swift */; };
		1E42A9692836B46400D7553F /* Kingfisher in Frameworks */ = {isa = PBXBuildFile; productRef = 1E42A9682836B46400D7553F /* Kingfisher */; };
		1E42A96C2836B47500D7553F /* SnapKit in Frameworks */ = {isa = PBXBuildFile; productRef = 1E42A96B2836B47500D7553F /* SnapKit */; };
		1E42A96E2836B4CA00D7553F /* ListView.swift in Sources */ = {isa = PBXBuildFile; fileRef = 1E42A96D2836B4CA00D7553F /* ListView.swift */; };
		1E42A9732836B61700D7553F /* ListCollectionViewCell.swift in Sources */ = {isa = PBXBuildFile; fileRef = 1E42A9712836B61700D7553F /* ListCollectionViewCell.swift */; };
		1E42A9742836B61700D7553F /* ListCollectionViewCell.xib in Resources */ = {isa = PBXBuildFile; fileRef = 1E42A9722836B61700D7553F /* ListCollectionViewCell.xib */; };
/* End PBXBuildFile section */

/* Begin PBXFileReference section */
		1E42A9202836A66900D7553F /* LSGames.app */ = {isa = PBXFileReference; explicitFileType = wrapper.application; includeInIndex = 0; path = LSGames.app; sourceTree = BUILT_PRODUCTS_DIR; };
		1E42A9232836A66900D7553F /* AppDelegate.swift */ = {isa = PBXFileReference; lastKnownFileType = sourcecode.swift; path = AppDelegate.swift; sourceTree = "<group>"; };
		1E42A9252836A66900D7553F /* SceneDelegate.swift */ = {isa = PBXFileReference; lastKnownFileType = sourcecode.swift; path = SceneDelegate.swift; sourceTree = "<group>"; };
		1E42A92C2836A66900D7553F /* Assets.xcassets */ = {isa = PBXFileReference; lastKnownFileType = folder.assetcatalog; path = Assets.xcassets; sourceTree = "<group>"; };
		1E42A92F2836A66900D7553F /* Base */ = {isa = PBXFileReference; lastKnownFileType = file.storyboard; name = Base; path = Base.lproj/LaunchScreen.storyboard; sourceTree = "<group>"; };
		1E42A9312836A66900D7553F /* Info.plist */ = {isa = PBXFileReference; lastKnownFileType = text.plist.xml; path = Info.plist; sourceTree = "<group>"; };
		1E42A93C2836A7E500D7553F /* MainTabBarVC.swift */ = {isa = PBXFileReference; lastKnownFileType = sourcecode.swift; path = MainTabBarVC.swift; sourceTree = "<group>"; };
		1E42A93E2836A80600D7553F /* MainTabBarBuilder.swift */ = {isa = PBXFileReference; lastKnownFileType = sourcecode.swift; path = MainTabBarBuilder.swift; sourceTree = "<group>"; };
		1E42A9402836A87B00D7553F /* SearchVC.swift */ = {isa = PBXFileReference; lastKnownFileType = sourcecode.swift; path = SearchVC.swift; sourceTree = "<group>"; };
		1E42A9452836A8C000D7553F /* SearchVM.swift */ = {isa = PBXFileReference; lastKnownFileType = sourcecode.swift; path = SearchVM.swift; sourceTree = "<group>"; };
		1E42A9472836A8FD00D7553F /* SearchViewBuilder.swift */ = {isa = PBXFileReference; lastKnownFileType = sourcecode.swift; path = SearchViewBuilder.swift; sourceTree = "<group>"; };
		1E42A9492836A96600D7553F /* DetailVC.swift */ = {isa = PBXFileReference; lastKnownFileType = sourcecode.swift; path = DetailVC.swift; sourceTree = "<group>"; };
		1E42A94B2836A97700D7553F /* DetailVM.swift */ = {isa = PBXFileReference; lastKnownFileType = sourcecode.swift; path = DetailVM.swift; sourceTree = "<group>"; };
		1E42A94D2836A98B00D7553F /* DetailViewBuilder.swift */ = {isa = PBXFileReference; lastKnownFileType = sourcecode.swift; path = DetailViewBuilder.swift; sourceTree = "<group>"; };
		1E42A9502836AA7000D7553F /* FavoritesVC.swift */ = {isa = PBXFileReference; lastKnownFileType = sourcecode.swift; path = FavoritesVC.swift; sourceTree = "<group>"; };
		1E42A9522836AA8300D7553F /* FavoritesVM.swift */ = {isa = PBXFileReference; lastKnownFileType = sourcecode.swift; path = FavoritesVM.swift; sourceTree = "<group>"; };
		1E42A9542836AA9000D7553F /* FavoritesViewBuilder.swift */ = {isa = PBXFileReference; lastKnownFileType = sourcecode.swift; path = FavoritesViewBuilder.swift; sourceTree = "<group>"; };
		1E42A9582836AE2100D7553F /* ViewState.swift */ = {isa = PBXFileReference; lastKnownFileType = sourcecode.swift; path = ViewState.swift; sourceTree = "<group>"; };
		1E42A95A2836B04D00D7553F /* TabBarImages.swift */ = {isa = PBXFileReference; lastKnownFileType = sourcecode.swift; path = TabBarImages.swift; sourceTree = "<group>"; };
		1E42A95C2836B06600D7553F /* AppTheme.swift */ = {isa = PBXFileReference; lastKnownFileType = sourcecode.swift; path = AppTheme.swift; sourceTree = "<group>"; };
		1E42A95E2836B08F00D7553F /* TypeAliases.swift */ = {isa = PBXFileReference; lastKnownFileType = sourcecode.swift; path = TypeAliases.swift; sourceTree = "<group>"; };
		1E42A9652836B33900D7553F /* ListCollectionViewCellData.swift */ = {isa = PBXFileReference; lastKnownFileType = sourcecode.swift; path = ListCollectionViewCellData.swift; sourceTree = "<group>"; };
		1E42A96D2836B4CA00D7553F /* ListView.swift */ = {isa = PBXFileReference; lastKnownFileType = sourcecode.swift; path = ListView.swift; sourceTree = "<group>"; };
		1E42A9712836B61700D7553F /* ListCollectionViewCell.swift */ = {isa = PBXFileReference; lastKnownFileType = sourcecode.swift; path = ListCollectionViewCell.swift; sourceTree = "<group>"; };
		1E42A9722836B61700D7553F /* ListCollectionViewCell.xib */ = {isa = PBXFileReference; lastKnownFileType = file.xib; path = ListCollectionViewCell.xib; sourceTree = "<group>"; };
/* End PBXFileReference section */

/* Begin PBXFrameworksBuildPhase section */
		1E42A91D2836A66900D7553F /* Frameworks */ = {
			isa = PBXFrameworksBuildPhase;
			buildActionMask = 2147483647;
			files = (
				1E42A96C2836B47500D7553F /* SnapKit in Frameworks */,
				1E42A9692836B46400D7553F /* Kingfisher in Frameworks */,
				1E42A9442836A89500D7553F /* CYBase in Frameworks */,
			);
			runOnlyForDeploymentPostprocessing = 0;
		};
/* End PBXFrameworksBuildPhase section */

/* Begin PBXGroup section */
		1E42A9172836A66900D7553F = {
			isa = PBXGroup;
			children = (
				1E42A9222836A66900D7553F /* LSGames */,
				1E42A9212836A66900D7553F /* Products */,
			);
			sourceTree = "<group>";
		};
		1E42A9212836A66900D7553F /* Products */ = {
			isa = PBXGroup;
			children = (
				1E42A9202836A66900D7553F /* LSGames.app */,
			);
			name = Products;
			sourceTree = "<group>";
		};
		1E42A9222836A66900D7553F /* LSGames */ = {
			isa = PBXGroup;
			children = (
				1E42A9602836B0DE00D7553F /* UIComponents */,
				1E42A9562836ADB800D7553F /* Utils */,
				1E42A9382836A6F600D7553F /* Scene */,
				1E42A9372836A6ED00D7553F /* Application */,
				1E42A92C2836A66900D7553F /* Assets.xcassets */,
				1E42A92E2836A66900D7553F /* LaunchScreen.storyboard */,
				1E42A9312836A66900D7553F /* Info.plist */,
			);
			path = LSGames;
			sourceTree = "<group>";
		};
		1E42A9372836A6ED00D7553F /* Application */ = {
			isa = PBXGroup;
			children = (
				1E42A9232836A66900D7553F /* AppDelegate.swift */,
				1E42A9252836A66900D7553F /* SceneDelegate.swift */,
			);
			path = Application;
			sourceTree = "<group>";
		};
		1E42A9382836A6F600D7553F /* Scene */ = {
			isa = PBXGroup;
			children = (
				1E42A94F2836AA6700D7553F /* Favorites */,
				1E42A93B2836A74F00D7553F /* Detail */,
				1E42A93A2836A6FF00D7553F /* Search */,
				1E42A9392836A6F900D7553F /* TabBar */,
			);
			path = Scene;
			sourceTree = "<group>";
		};
		1E42A9392836A6F900D7553F /* TabBar */ = {
			isa = PBXGroup;
			children = (
				1E42A93C2836A7E500D7553F /* MainTabBarVC.swift */,
				1E42A93E2836A80600D7553F /* MainTabBarBuilder.swift */,
			);
			path = TabBar;
			sourceTree = "<group>";
		};
		1E42A93A2836A6FF00D7553F /* Search */ = {
			isa = PBXGroup;
			children = (
				1E42A9402836A87B00D7553F /* SearchVC.swift */,
				1E42A9452836A8C000D7553F /* SearchVM.swift */,
				1E42A9472836A8FD00D7553F /* SearchViewBuilder.swift */,
			);
			path = Search;
			sourceTree = "<group>";
		};
		1E42A93B2836A74F00D7553F /* Detail */ = {
			isa = PBXGroup;
			children = (
				1E42A9492836A96600D7553F /* DetailVC.swift */,
				1E42A94B2836A97700D7553F /* DetailVM.swift */,
				1E42A94D2836A98B00D7553F /* DetailViewBuilder.swift */,
			);
			path = Detail;
			sourceTree = "<group>";
		};
		1E42A94F2836AA6700D7553F /* Favorites */ = {
			isa = PBXGroup;
			children = (
				1E42A9502836AA7000D7553F /* FavoritesVC.swift */,
				1E42A9522836AA8300D7553F /* FavoritesVM.swift */,
				1E42A9542836AA9000D7553F /* FavoritesViewBuilder.swift */,
			);
			path = Favorites;
			sourceTree = "<group>";
		};
		1E42A9562836ADB800D7553F /* Utils */ = {
			isa = PBXGroup;
			children = (
				1E42A9752836BAFC00D7553F /* Extensions */,
				1E42A9572836AE1D00D7553F /* Enums */,
				1E42A95A2836B04D00D7553F /* TabBarImages.swift */,
				1E42A95C2836B06600D7553F /* AppTheme.swift */,
				1E42A95E2836B08F00D7553F /* TypeAliases.swift */,
			);
			path = Utils;
			sourceTree = "<group>";
		};
		1E42A9572836AE1D00D7553F /* Enums */ = {
			isa = PBXGroup;
			children = (
				1E42A9582836AE2100D7553F /* ViewState.swift */,
			);
			path = Enums;
			sourceTree = "<group>";
		};
		1E42A9602836B0DE00D7553F /* UIComponents */ = {
			isa = PBXGroup;
			children = (
				1E42A9612836B2BE00D7553F /* ListCollectionView */,
			);
			path = UIComponents;
			sourceTree = "<group>";
		};
		1E42A9612836B2BE00D7553F /* ListCollectionView */ = {
			isa = PBXGroup;
			children = (
				1E42A9642836B30500D7553F /* Cell */,
				1E42A96D2836B4CA00D7553F /* ListView.swift */,
			);
			path = ListCollectionView;
			sourceTree = "<group>";
		};
		1E42A9642836B30500D7553F /* Cell */ = {
			isa = PBXGroup;
			children = (
				1E42A9652836B33900D7553F /* ListCollectionViewCellData.swift */,
				1E42A9712836B61700D7553F /* ListCollectionViewCell.swift */,
				1E42A9722836B61700D7553F /* ListCollectionViewCell.xib */,
			);
			path = Cell;
			sourceTree = "<group>";
		};
		1E42A9752836BAFC00D7553F /* Extensions */ = {
			isa = PBXGroup;
			children = (
			);
			path = Extensions;
			sourceTree = "<group>";
		};
/* End PBXGroup section */

/* Begin PBXNativeTarget section */
		1E42A91F2836A66900D7553F /* LSGames */ = {
			isa = PBXNativeTarget;
			buildConfigurationList = 1E42A9342836A66900D7553F /* Build configuration list for PBXNativeTarget "LSGames" */;
			buildPhases = (
				1E42A91C2836A66900D7553F /* Sources */,
				1E42A91D2836A66900D7553F /* Frameworks */,
				1E42A91E2836A66900D7553F /* Resources */,
			);
			buildRules = (
			);
			dependencies = (
			);
			name = LSGames;
			packageProductDependencies = (
				1E42A9432836A89500D7553F /* CYBase */,
				1E42A9682836B46400D7553F /* Kingfisher */,
				1E42A96B2836B47500D7553F /* SnapKit */,
			);
			productName = LSGames;
			productReference = 1E42A9202836A66900D7553F /* LSGames.app */;
			productType = "com.apple.product-type.application";
		};
/* End PBXNativeTarget section */

/* Begin PBXProject section */
		1E42A9182836A66900D7553F /* Project object */ = {
			isa = PBXProject;
			attributes = {
				BuildIndependentTargetsInParallel = 1;
				LastSwiftUpdateCheck = 1330;
				LastUpgradeCheck = 1330;
				TargetAttributes = {
					1E42A91F2836A66900D7553F = {
						CreatedOnToolsVersion = 13.3.1;
					};
				};
			};
			buildConfigurationList = 1E42A91B2836A66900D7553F /* Build configuration list for PBXProject "LSGames" */;
			compatibilityVersion = "Xcode 13.0";
			developmentRegion = en;
			hasScannedForEncodings = 0;
			knownRegions = (
				en,
				Base,
			);
			mainGroup = 1E42A9172836A66900D7553F;
			packageReferences = (
				1E42A9422836A89500D7553F /* XCRemoteSwiftPackageReference "CYBase" */,
				1E42A9672836B46400D7553F /* XCRemoteSwiftPackageReference "Kingfisher" */,
				1E42A96A2836B47500D7553F /* XCRemoteSwiftPackageReference "SnapKit" */,
			);
			productRefGroup = 1E42A9212836A66900D7553F /* Products */;
			projectDirPath = "";
			projectRoot = "";
			targets = (
				1E42A91F2836A66900D7553F /* LSGames */,
			);
		};
/* End PBXProject section */

/* Begin PBXResourcesBuildPhase section */
		1E42A91E2836A66900D7553F /* Resources */ = {
			isa = PBXResourcesBuildPhase;
			buildActionMask = 2147483647;
			files = (
				1E42A9302836A66900D7553F /* LaunchScreen.storyboard in Resources */,
				1E42A92D2836A66900D7553F /* Assets.xcassets in Resources */,
				1E42A9742836B61700D7553F /* ListCollectionViewCell.xib in Resources */,
			);
			runOnlyForDeploymentPostprocessing = 0;
		};
/* End PBXResourcesBuildPhase section */

/* Begin PBXSourcesBuildPhase section */
		1E42A91C2836A66900D7553F /* Sources */ = {
			isa = PBXSourcesBuildPhase;
			buildActionMask = 2147483647;
			files = (
				1E42A9512836AA7100D7553F /* FavoritesVC.swift in Sources */,
				1E42A96E2836B4CA00D7553F /* ListView.swift in Sources */,
				1E42A9462836A8C000D7553F /* SearchVM.swift in Sources */,
				1E42A94E2836A98B00D7553F /* DetailViewBuilder.swift in Sources */,
				1E42A9242836A66900D7553F /* AppDelegate.swift in Sources */,
				1E42A9412836A87B00D7553F /* SearchVC.swift in Sources */,
				1E42A9732836B61700D7553F /* ListCollectionViewCell.swift in Sources */,
				1E42A93D2836A7E500D7553F /* MainTabBarVC.swift in Sources */,
				1E42A9482836A8FD00D7553F /* SearchViewBuilder.swift in Sources */,
				1E42A94A2836A96600D7553F /* DetailVC.swift in Sources */,
				1E42A9592836AE2100D7553F /* ViewState.swift in Sources */,
				1E42A93F2836A80600D7553F /* MainTabBarBuilder.swift in Sources */,
				1E42A94C2836A97700D7553F /* DetailVM.swift in Sources */,
				1E42A9532836AA8300D7553F /* FavoritesVM.swift in Sources */,
				1E42A9552836AA9000D7553F /* FavoritesViewBuilder.swift in Sources */,
				1E42A95D2836B06600D7553F /* AppTheme.swift in Sources */,
				1E42A95B2836B04D00D7553F /* TabBarImages.swift in Sources */,
				1E42A9262836A66900D7553F /* SceneDelegate.swift in Sources */,
				1E42A95F2836B08F00D7553F /* TypeAliases.swift in Sources */,
				1E42A9662836B33900D7553F /* ListCollectionViewCellData.swift in Sources */,
			);
			runOnlyForDeploymentPostprocessing = 0;
		};
/* End PBXSourcesBuildPhase section */

/* Begin PBXVariantGroup section */
		1E42A92E2836A66900D7553F /* LaunchScreen.storyboard */ = {
			isa = PBXVariantGroup;
			children = (
				1E42A92F2836A66900D7553F /* Base */,
			);
			name = LaunchScreen.storyboard;
			sourceTree = "<group>";
		};
/* End PBXVariantGroup section */

/* Begin XCBuildConfiguration section */
		1E42A9322836A66900D7553F /* Debug */ = {
			isa = XCBuildConfiguration;
			buildSettings = {
				ALWAYS_SEARCH_USER_PATHS = NO;
				CLANG_ANALYZER_NONNULL = YES;
				CLANG_ANALYZER_NUMBER_OBJECT_CONVERSION = YES_AGGRESSIVE;
				CLANG_CXX_LANGUAGE_STANDARD = "gnu++17";
				CLANG_ENABLE_MODULES = YES;
				CLANG_ENABLE_OBJC_ARC = YES;
				CLANG_ENABLE_OBJC_WEAK = YES;
				CLANG_WARN_BLOCK_CAPTURE_AUTORELEASING = YES;
				CLANG_WARN_BOOL_CONVERSION = YES;
				CLANG_WARN_COMMA = YES;
				CLANG_WARN_CONSTANT_CONVERSION = YES;
				CLANG_WARN_DEPRECATED_OBJC_IMPLEMENTATIONS = YES;
				CLANG_WARN_DIRECT_OBJC_ISA_USAGE = YES_ERROR;
				CLANG_WARN_DOCUMENTATION_COMMENTS = YES;
				CLANG_WARN_EMPTY_BODY = YES;
				CLANG_WARN_ENUM_CONVERSION = YES;
				CLANG_WARN_INFINITE_RECURSION = YES;
				CLANG_WARN_INT_CONVERSION = YES;
				CLANG_WARN_NON_LITERAL_NULL_CONVERSION = YES;
				CLANG_WARN_OBJC_IMPLICIT_RETAIN_SELF = YES;
				CLANG_WARN_OBJC_LITERAL_CONVERSION = YES;
				CLANG_WARN_OBJC_ROOT_CLASS = YES_ERROR;
				CLANG_WARN_QUOTED_INCLUDE_IN_FRAMEWORK_HEADER = YES;
				CLANG_WARN_RANGE_LOOP_ANALYSIS = YES;
				CLANG_WARN_STRICT_PROTOTYPES = YES;
				CLANG_WARN_SUSPICIOUS_MOVE = YES;
				CLANG_WARN_UNGUARDED_AVAILABILITY = YES_AGGRESSIVE;
				CLANG_WARN_UNREACHABLE_CODE = YES;
				CLANG_WARN__DUPLICATE_METHOD_MATCH = YES;
				COPY_PHASE_STRIP = NO;
				DEBUG_INFORMATION_FORMAT = dwarf;
				ENABLE_STRICT_OBJC_MSGSEND = YES;
				ENABLE_TESTABILITY = YES;
				GCC_C_LANGUAGE_STANDARD = gnu11;
				GCC_DYNAMIC_NO_PIC = NO;
				GCC_NO_COMMON_BLOCKS = YES;
				GCC_OPTIMIZATION_LEVEL = 0;
				GCC_PREPROCESSOR_DEFINITIONS = (
					"DEBUG=1",
					"$(inherited)",
				);
				GCC_WARN_64_TO_32_BIT_CONVERSION = YES;
				GCC_WARN_ABOUT_RETURN_TYPE = YES_ERROR;
				GCC_WARN_UNDECLARED_SELECTOR = YES;
				GCC_WARN_UNINITIALIZED_AUTOS = YES_AGGRESSIVE;
				GCC_WARN_UNUSED_FUNCTION = YES;
				GCC_WARN_UNUSED_VARIABLE = YES;
				IPHONEOS_DEPLOYMENT_TARGET = 15.4;
				MTL_ENABLE_DEBUG_INFO = INCLUDE_SOURCE;
				MTL_FAST_MATH = YES;
				ONLY_ACTIVE_ARCH = YES;
				SDKROOT = iphoneos;
				SWIFT_ACTIVE_COMPILATION_CONDITIONS = DEBUG;
				SWIFT_OPTIMIZATION_LEVEL = "-Onone";
			};
			name = Debug;
		};
		1E42A9332836A66900D7553F /* Release */ = {
			isa = XCBuildConfiguration;
			buildSettings = {
				ALWAYS_SEARCH_USER_PATHS = NO;
				CLANG_ANALYZER_NONNULL = YES;
				CLANG_ANALYZER_NUMBER_OBJECT_CONVERSION = YES_AGGRESSIVE;
				CLANG_CXX_LANGUAGE_STANDARD = "gnu++17";
				CLANG_ENABLE_MODULES = YES;
				CLANG_ENABLE_OBJC_ARC = YES;
				CLANG_ENABLE_OBJC_WEAK = YES;
				CLANG_WARN_BLOCK_CAPTURE_AUTORELEASING = YES;
				CLANG_WARN_BOOL_CONVERSION = YES;
				CLANG_WARN_COMMA = YES;
				CLANG_WARN_CONSTANT_CONVERSION = YES;
				CLANG_WARN_DEPRECATED_OBJC_IMPLEMENTATIONS = YES;
				CLANG_WARN_DIRECT_OBJC_ISA_USAGE = YES_ERROR;
				CLANG_WARN_DOCUMENTATION_COMMENTS = YES;
				CLANG_WARN_EMPTY_BODY = YES;
				CLANG_WARN_ENUM_CONVERSION = YES;
				CLANG_WARN_INFINITE_RECURSION = YES;
				CLANG_WARN_INT_CONVERSION = YES;
				CLANG_WARN_NON_LITERAL_NULL_CONVERSION = YES;
				CLANG_WARN_OBJC_IMPLICIT_RETAIN_SELF = YES;
				CLANG_WARN_OBJC_LITERAL_CONVERSION = YES;
				CLANG_WARN_OBJC_ROOT_CLASS = YES_ERROR;
				CLANG_WARN_QUOTED_INCLUDE_IN_FRAMEWORK_HEADER = YES;
				CLANG_WARN_RANGE_LOOP_ANALYSIS = YES;
				CLANG_WARN_STRICT_PROTOTYPES = YES;
				CLANG_WARN_SUSPICIOUS_MOVE = YES;
				CLANG_WARN_UNGUARDED_AVAILABILITY = YES_AGGRESSIVE;
				CLANG_WARN_UNREACHABLE_CODE = YES;
				CLANG_WARN__DUPLICATE_METHOD_MATCH = YES;
				COPY_PHASE_STRIP = NO;
				DEBUG_INFORMATION_FORMAT = "dwarf-with-dsym";
				ENABLE_NS_ASSERTIONS = NO;
				ENABLE_STRICT_OBJC_MSGSEND = YES;
				GCC_C_LANGUAGE_STANDARD = gnu11;
				GCC_NO_COMMON_BLOCKS = YES;
				GCC_WARN_64_TO_32_BIT_CONVERSION = YES;
				GCC_WARN_ABOUT_RETURN_TYPE = YES_ERROR;
				GCC_WARN_UNDECLARED_SELECTOR = YES;
				GCC_WARN_UNINITIALIZED_AUTOS = YES_AGGRESSIVE;
				GCC_WARN_UNUSED_FUNCTION = YES;
				GCC_WARN_UNUSED_VARIABLE = YES;
				IPHONEOS_DEPLOYMENT_TARGET = 15.4;
				MTL_ENABLE_DEBUG_INFO = NO;
				MTL_FAST_MATH = YES;
				SDKROOT = iphoneos;
				SWIFT_COMPILATION_MODE = wholemodule;
				SWIFT_OPTIMIZATION_LEVEL = "-O";
				VALIDATE_PRODUCT = YES;
			};
			name = Release;
		};
		1E42A9352836A66900D7553F /* Debug */ = {
			isa = XCBuildConfiguration;
			buildSettings = {
				ASSETCATALOG_COMPILER_APPICON_NAME = AppIcon;
				ASSETCATALOG_COMPILER_GLOBAL_ACCENT_COLOR_NAME = AccentColor;
				CODE_SIGN_STYLE = Automatic;
				CURRENT_PROJECT_VERSION = 1;
				DEVELOPMENT_TEAM = G746TBT9SB;
				GENERATE_INFOPLIST_FILE = YES;
				INFOPLIST_FILE = LSGames/Info.plist;
				INFOPLIST_KEY_UIApplicationSupportsIndirectInputEvents = YES;
				INFOPLIST_KEY_UILaunchStoryboardName = LaunchScreen;
				INFOPLIST_KEY_UISupportedInterfaceOrientations_iPad = "UIInterfaceOrientationPortrait UIInterfaceOrientationPortraitUpsideDown UIInterfaceOrientationLandscapeLeft UIInterfaceOrientationLandscapeRight";
				INFOPLIST_KEY_UISupportedInterfaceOrientations_iPhone = "UIInterfaceOrientationPortrait UIInterfaceOrientationLandscapeLeft UIInterfaceOrientationLandscapeRight";
				LD_RUNPATH_SEARCH_PATHS = (
					"$(inherited)",
					"@executable_path/Frameworks",
				);
				MARKETING_VERSION = 1.0;
				PRODUCT_BUNDLE_IDENTIFIER = com.canyoldas.LSGames;
				PRODUCT_NAME = "$(TARGET_NAME)";
				SWIFT_EMIT_LOC_STRINGS = YES;
				SWIFT_VERSION = 5.0;
				TARGETED_DEVICE_FAMILY = "1,2";
			};
			name = Debug;
		};
		1E42A9362836A66900D7553F /* Release */ = {
			isa = XCBuildConfiguration;
			buildSettings = {
				ASSETCATALOG_COMPILER_APPICON_NAME = AppIcon;
				ASSETCATALOG_COMPILER_GLOBAL_ACCENT_COLOR_NAME = AccentColor;
				CODE_SIGN_STYLE = Automatic;
				CURRENT_PROJECT_VERSION = 1;
				DEVELOPMENT_TEAM = G746TBT9SB;
				GENERATE_INFOPLIST_FILE = YES;
				INFOPLIST_FILE = LSGames/Info.plist;
				INFOPLIST_KEY_UIApplicationSupportsIndirectInputEvents = YES;
				INFOPLIST_KEY_UILaunchStoryboardName = LaunchScreen;
				INFOPLIST_KEY_UISupportedInterfaceOrientations_iPad = "UIInterfaceOrientationPortrait UIInterfaceOrientationPortraitUpsideDown UIInterfaceOrientationLandscapeLeft UIInterfaceOrientationLandscapeRight";
				INFOPLIST_KEY_UISupportedInterfaceOrientations_iPhone = "UIInterfaceOrientationPortrait UIInterfaceOrientationLandscapeLeft UIInterfaceOrientationLandscapeRight";
				LD_RUNPATH_SEARCH_PATHS = (
					"$(inherited)",
					"@executable_path/Frameworks",
				);
				MARKETING_VERSION = 1.0;
				PRODUCT_BUNDLE_IDENTIFIER = com.canyoldas.LSGames;
				PRODUCT_NAME = "$(TARGET_NAME)";
				SWIFT_EMIT_LOC_STRINGS = YES;
				SWIFT_VERSION = 5.0;
				TARGETED_DEVICE_FAMILY = "1,2";
			};
			name = Release;
		};
/* End XCBuildConfiguration section */

/* Begin XCConfigurationList section */
		1E42A91B2836A66900D7553F /* Build configuration list for PBXProject "LSGames" */ = {
			isa = XCConfigurationList;
			buildConfigurations = (
				1E42A9322836A66900D7553F /* Debug */,
				1E42A9332836A66900D7553F /* Release */,
			);
			defaultConfigurationIsVisible = 0;
			defaultConfigurationName = Release;
		};
		1E42A9342836A66900D7553F /* Build configuration list for PBXNativeTarget "LSGames" */ = {
			isa = XCConfigurationList;
			buildConfigurations = (
				1E42A9352836A66900D7553F /* Debug */,
				1E42A9362836A66900D7553F /* Release */,
			);
			defaultConfigurationIsVisible = 0;
			defaultConfigurationName = Release;
		};
/* End XCConfigurationList section */

/* Begin XCRemoteSwiftPackageReference section */
		1E42A9422836A89500D7553F /* XCRemoteSwiftPackageReference "CYBase" */ = {
			isa = XCRemoteSwiftPackageReference;
			repositoryURL = "https://github.com/canyoldas0/CYBase";
			requirement = {
				branch = main;
				kind = branch;
			};
		};
		1E42A9672836B46400D7553F /* XCRemoteSwiftPackageReference "Kingfisher" */ = {
			isa = XCRemoteSwiftPackageReference;
			repositoryURL = "https://github.com/onevcat/Kingfisher.git";
			requirement = {
				branch = master;
				kind = branch;
			};
		};
		1E42A96A2836B47500D7553F /* XCRemoteSwiftPackageReference "SnapKit" */ = {
			isa = XCRemoteSwiftPackageReference;
			repositoryURL = "https://github.com/SnapKit/SnapKit";
			requirement = {
				branch = develop;
				kind = branch;
			};
		};
/* End XCRemoteSwiftPackageReference section */

/* Begin XCSwiftPackageProductDependency section */
		1E42A9432836A89500D7553F /* CYBase */ = {
			isa = XCSwiftPackageProductDependency;
			package = 1E42A9422836A89500D7553F /* XCRemoteSwiftPackageReference "CYBase" */;
			productName = CYBase;
		};
		1E42A9682836B46400D7553F /* Kingfisher */ = {
			isa = XCSwiftPackageProductDependency;
			package = 1E42A9672836B46400D7553F /* XCRemoteSwiftPackageReference "Kingfisher" */;
			productName = Kingfisher;
		};
		1E42A96B2836B47500D7553F /* SnapKit */ = {
			isa = XCSwiftPackageProductDependency;
			package = 1E42A96A2836B47500D7553F /* XCRemoteSwiftPackageReference "SnapKit" */;
			productName = SnapKit;
		};
/* End XCSwiftPackageProductDependency section */
	};
	rootObject = 1E42A9182836A66900D7553F /* Project object */;
}
